// !$*UTF8*$!
{
	archiveVersion = 1;
	classes = {
	};
	objectVersion = 56;
	objects = {

/* Begin PBXBuildFile section */
		CA1646662B1A1EFB003A2CAF /* swiftui_restart_app_ios16App.swift in Sources */ = {isa = PBXBuildFile; fileRef = CA1646652B1A1EFB003A2CAF /* swiftui_restart_app_ios16App.swift */; };
		CA1646682B1A1EFB003A2CAF /* ContentView.swift in Sources */ = {isa = PBXBuildFile; fileRef = CA1646672B1A1EFB003A2CAF /* ContentView.swift */; };
		CA16466A2B1A1EFC003A2CAF /* Assets.xcassets in Resources */ = {isa = PBXBuildFile; fileRef = CA1646692B1A1EFC003A2CAF /* Assets.xcassets */; };
		CA16466D2B1A1EFC003A2CAF /* Preview Assets.xcassets in Resources */ = {isa = PBXBuildFile; fileRef = CA16466C2B1A1EFC003A2CAF /* Preview Assets.xcassets */; };
		CA1646752B1A233B003A2CAF /* chimeup.mp3 in Resources */ = {isa = PBXBuildFile; fileRef = CA1646732B1A233B003A2CAF /* chimeup.mp3 */; };
		CA1646762B1A233B003A2CAF /* success.m4a in Resources */ = {isa = PBXBuildFile; fileRef = CA1646742B1A233B003A2CAF /* success.m4a */; };
		CA16467D2B1A7FF9003A2CAF /* OnboardingView.swift in Sources */ = {isa = PBXBuildFile; fileRef = CA16467C2B1A7FF9003A2CAF /* OnboardingView.swift */; };
		CA16467F2B1A802B003A2CAF /* HomeView.swift in Sources */ = {isa = PBXBuildFile; fileRef = CA16467E2B1A802B003A2CAF /* HomeView.swift */; };
		CA1646812B1B9184003A2CAF /* CircleGroupView.swift in Sources */ = {isa = PBXBuildFile; fileRef = CA1646802B1B9184003A2CAF /* CircleGroupView.swift */; };
		CA1646832B285DC3003A2CAF /* AudioPlayer.swift in Sources */ = {isa = PBXBuildFile; fileRef = CA1646822B285DC3003A2CAF /* AudioPlayer.swift */; };
/* End PBXBuildFile section */

/* Begin PBXFileReference section */
		CA1646622B1A1EFB003A2CAF /* swiftui-restart-app-ios16.app */ = {isa = PBXFileReference; explicitFileType = wrapper.application; includeInIndex = 0; path = "swiftui-restart-app-ios16.app"; sourceTree = BUILT_PRODUCTS_DIR; };
		CA1646652B1A1EFB003A2CAF /* swiftui_restart_app_ios16App.swift */ = {isa = PBXFileReference; lastKnownFileType = sourcecode.swift; path = swiftui_restart_app_ios16App.swift; sourceTree = "<group>"; };
		CA1646672B1A1EFB003A2CAF /* ContentView.swift */ = {isa = PBXFileReference; lastKnownFileType = sourcecode.swift; path = ContentView.swift; sourceTree = "<group>"; };
		CA1646692B1A1EFC003A2CAF /* Assets.xcassets */ = {isa = PBXFileReference; lastKnownFileType = folder.assetcatalog; path = Assets.xcassets; sourceTree = "<group>"; };
		CA16466C2B1A1EFC003A2CAF /* Preview Assets.xcassets */ = {isa = PBXFileReference; lastKnownFileType = folder.assetcatalog; path = "Preview Assets.xcassets"; sourceTree = "<group>"; };
		CA1646732B1A233B003A2CAF /* chimeup.mp3 */ = {isa = PBXFileReference; lastKnownFileType = audio.mp3; path = chimeup.mp3; sourceTree = "<group>"; };
		CA1646742B1A233B003A2CAF /* success.m4a */ = {isa = PBXFileReference; lastKnownFileType = file; path = success.m4a; sourceTree = "<group>"; };
		CA16467B2B1A7F50003A2CAF /* Info.plist */ = {isa = PBXFileReference; lastKnownFileType = text.plist; path = Info.plist; sourceTree = "<group>"; };
		CA16467C2B1A7FF9003A2CAF /* OnboardingView.swift */ = {isa = PBXFileReference; lastKnownFileType = sourcecode.swift; path = OnboardingView.swift; sourceTree = "<group>"; };
		CA16467E2B1A802B003A2CAF /* HomeView.swift */ = {isa = PBXFileReference; lastKnownFileType = sourcecode.swift; path = HomeView.swift; sourceTree = "<group>"; };
		CA1646802B1B9184003A2CAF /* CircleGroupView.swift */ = {isa = PBXFileReference; lastKnownFileType = sourcecode.swift; path = CircleGroupView.swift; sourceTree = "<group>"; };
		CA1646822B285DC3003A2CAF /* AudioPlayer.swift */ = {isa = PBXFileReference; lastKnownFileType = sourcecode.swift; path = AudioPlayer.swift; sourceTree = "<group>"; };
/* End PBXFileReference section */

/* Begin PBXFrameworksBuildPhase section */
		CA16465F2B1A1EFB003A2CAF /* Frameworks */ = {
			isa = PBXFrameworksBuildPhase;
			buildActionMask = 2147483647;
			files = (
			);
			runOnlyForDeploymentPostprocessing = 0;
		};
/* End PBXFrameworksBuildPhase section */

/* Begin PBXGroup section */
		CA1646592B1A1EFB003A2CAF = {
			isa = PBXGroup;
			children = (
				CA1646642B1A1EFB003A2CAF /* swiftui-restart-app-ios16 */,
				CA1646632B1A1EFB003A2CAF /* Products */,
			);
			sourceTree = "<group>";
		};
		CA1646632B1A1EFB003A2CAF /* Products */ = {
			isa = PBXGroup;
			children = (
				CA1646622B1A1EFB003A2CAF /* swiftui-restart-app-ios16.app */,
			);
			name = Products;
			sourceTree = "<group>";
		};
		CA1646642B1A1EFB003A2CAF /* swiftui-restart-app-ios16 */ = {
			isa = PBXGroup;
			children = (
				CA16467B2B1A7F50003A2CAF /* Info.plist */,
				CA16467A2B1A2F04003A2CAF /* Utilities */,
				CA1646792B1A2EC8003A2CAF /* Views */,
				CA1646772B1A235B003A2CAF /* Sounds */,
				CA1646652B1A1EFB003A2CAF /* swiftui_restart_app_ios16App.swift */,
				CA1646782B1A2EA7003A2CAF /* Screens */,
				CA1646692B1A1EFC003A2CAF /* Assets.xcassets */,
				CA16466B2B1A1EFC003A2CAF /* Preview Content */,
			);
			path = "swiftui-restart-app-ios16";
			sourceTree = "<group>";
		};
		CA16466B2B1A1EFC003A2CAF /* Preview Content */ = {
			isa = PBXGroup;
			children = (
				CA16466C2B1A1EFC003A2CAF /* Preview Assets.xcassets */,
			);
			path = "Preview Content";
			sourceTree = "<group>";
		};
		CA1646772B1A235B003A2CAF /* Sounds */ = {
			isa = PBXGroup;
			children = (
				CA1646732B1A233B003A2CAF /* chimeup.mp3 */,
				CA1646742B1A233B003A2CAF /* success.m4a */,
			);
			path = Sounds;
			sourceTree = "<group>";
		};
		CA1646782B1A2EA7003A2CAF /* Screens */ = {
			isa = PBXGroup;
			children = (
				CA1646672B1A1EFB003A2CAF /* ContentView.swift */,
				CA16467C2B1A7FF9003A2CAF /* OnboardingView.swift */,
				CA16467E2B1A802B003A2CAF /* HomeView.swift */,
			);
			path = Screens;
			sourceTree = "<group>";
		};
		CA1646792B1A2EC8003A2CAF /* Views */ = {
			isa = PBXGroup;
			children = (
				CA1646802B1B9184003A2CAF /* CircleGroupView.swift */,
			);
			path = Views;
			sourceTree = "<group>";
		};
		CA16467A2B1A2F04003A2CAF /* Utilities */ = {
			isa = PBXGroup;
			children = (
				CA1646822B285DC3003A2CAF /* AudioPlayer.swift */,
			);
			path = Utilities;
			sourceTree = "<group>";
		};
/* End PBXGroup section */

/* Begin PBXNativeTarget section */
		CA1646612B1A1EFB003A2CAF /* swiftui-restart-app-ios16 */ = {
			isa = PBXNativeTarget;
			buildConfigurationList = CA1646702B1A1EFC003A2CAF /* Build configuration list for PBXNativeTarget "swiftui-restart-app-ios16" */;
			buildPhases = (
				CA16465E2B1A1EFB003A2CAF /* Sources */,
				CA16465F2B1A1EFB003A2CAF /* Frameworks */,
				CA1646602B1A1EFB003A2CAF /* Resources */,
			);
			buildRules = (
			);
			dependencies = (
			);
			name = "swiftui-restart-app-ios16";
			productName = "swiftui-restart-app-ios16";
			productReference = CA1646622B1A1EFB003A2CAF /* swiftui-restart-app-ios16.app */;
			productType = "com.apple.product-type.application";
		};
/* End PBXNativeTarget section */

/* Begin PBXProject section */
		CA16465A2B1A1EFB003A2CAF /* Project object */ = {
			isa = PBXProject;
			attributes = {
				BuildIndependentTargetsInParallel = 1;
				LastSwiftUpdateCheck = 1500;
				LastUpgradeCheck = 1500;
				TargetAttributes = {
					CA1646612B1A1EFB003A2CAF = {
						CreatedOnToolsVersion = 15.0;
					};
				};
			};
			buildConfigurationList = CA16465D2B1A1EFB003A2CAF /* Build configuration list for PBXProject "swiftui-restart-app-ios16" */;
			compatibilityVersion = "Xcode 14.0";
			developmentRegion = en;
			hasScannedForEncodings = 0;
			knownRegions = (
				en,
				Base,
			);
			mainGroup = CA1646592B1A1EFB003A2CAF;
			productRefGroup = CA1646632B1A1EFB003A2CAF /* Products */;
			projectDirPath = "";
			projectRoot = "";
			targets = (
				CA1646612B1A1EFB003A2CAF /* swiftui-restart-app-ios16 */,
			);
		};
/* End PBXProject section */

/* Begin PBXResourcesBuildPhase section */
		CA1646602B1A1EFB003A2CAF /* Resources */ = {
			isa = PBXResourcesBuildPhase;
			buildActionMask = 2147483647;
			files = (
				CA1646762B1A233B003A2CAF /* success.m4a in Resources */,
				CA1646752B1A233B003A2CAF /* chimeup.mp3 in Resources */,
				CA16466D2B1A1EFC003A2CAF /* Preview Assets.xcassets in Resources */,
				CA16466A2B1A1EFC003A2CAF /* Assets.xcassets in Resources */,
			);
			runOnlyForDeploymentPostprocessing = 0;
		};
/* End PBXResourcesBuildPhase section */

/* Begin PBXSourcesBuildPhase section */
		CA16465E2B1A1EFB003A2CAF /* Sources */ = {
			isa = PBXSourcesBuildPhase;
			buildActionMask = 2147483647;
			files = (
				CA1646812B1B9184003A2CAF /* CircleGroupView.swift in Sources */,
				CA16467D2B1A7FF9003A2CAF /* OnboardingView.swift in Sources */,
				CA16467F2B1A802B003A2CAF /* HomeView.swift in Sources */,
				CA1646682B1A1EFB003A2CAF /* ContentView.swift in Sources */,
				CA1646662B1A1EFB003A2CAF /* swiftui_restart_app_ios16App.swift in Sources */,
				CA1646832B285DC3003A2CAF /* AudioPlayer.swift in Sources */,
			);
			runOnlyForDeploymentPostprocessing = 0;
		};
/* End PBXSourcesBuildPhase section */

/* Begin XCBuildConfiguration section */
		CA16466E2B1A1EFC003A2CAF /* Debug */ = {
			isa = XCBuildConfiguration;
			buildSettings = {
				ALWAYS_SEARCH_USER_PATHS = NO;
				ASSETCATALOG_COMPILER_GENERATE_SWIFT_ASSET_SYMBOL_EXTENSIONS = YES;
				CLANG_ANALYZER_NONNULL = YES;
				CLANG_ANALYZER_NUMBER_OBJECT_CONVERSION = YES_AGGRESSIVE;
				CLANG_CXX_LANGUAGE_STANDARD = "gnu++20";
				CLANG_ENABLE_MODULES = YES;
				CLANG_ENABLE_OBJC_ARC = YES;
				CLANG_ENABLE_OBJC_WEAK = YES;
				CLANG_WARN_BLOCK_CAPTURE_AUTORELEASING = YES;
				CLANG_WARN_BOOL_CONVERSION = YES;
				CLANG_WARN_COMMA = YES;
				CLANG_WARN_CONSTANT_CONVERSION = YES;
				CLANG_WARN_DEPRECATED_OBJC_IMPLEMENTATIONS = YES;
				CLANG_WARN_DIRECT_OBJC_ISA_USAGE = YES_ERROR;
				CLANG_WARN_DOCUMENTATION_COMMENTS = YES;
				CLANG_WARN_EMPTY_BODY = YES;
				CLANG_WARN_ENUM_CONVERSION = YES;
				CLANG_WARN_INFINITE_RECURSION = YES;
				CLANG_WARN_INT_CONVERSION = YES;
				CLANG_WARN_NON_LITERAL_NULL_CONVERSION = YES;
				CLANG_WARN_OBJC_IMPLICIT_RETAIN_SELF = YES;
				CLANG_WARN_OBJC_LITERAL_CONVERSION = YES;
				CLANG_WARN_OBJC_ROOT_CLASS = YES_ERROR;
				CLANG_WARN_QUOTED_INCLUDE_IN_FRAMEWORK_HEADER = YES;
				CLANG_WARN_RANGE_LOOP_ANALYSIS = YES;
				CLANG_WARN_STRICT_PROTOTYPES = YES;
				CLANG_WARN_SUSPICIOUS_MOVE = YES;
				CLANG_WARN_UNGUARDED_AVAILABILITY = YES_AGGRESSIVE;
				CLANG_WARN_UNREACHABLE_CODE = YES;
				CLANG_WARN__DUPLICATE_METHOD_MATCH = YES;
				COPY_PHASE_STRIP = NO;
				DEBUG_INFORMATION_FORMAT = dwarf;
				ENABLE_STRICT_OBJC_MSGSEND = YES;
				ENABLE_TESTABILITY = YES;
				ENABLE_USER_SCRIPT_SANDBOXING = YES;
				GCC_C_LANGUAGE_STANDARD = gnu17;
				GCC_DYNAMIC_NO_PIC = NO;
				GCC_NO_COMMON_BLOCKS = YES;
				GCC_OPTIMIZATION_LEVEL = 0;
				GCC_PREPROCESSOR_DEFINITIONS = (
					"DEBUG=1",
					"$(inherited)",
				);
				GCC_WARN_64_TO_32_BIT_CONVERSION = YES;
				GCC_WARN_ABOUT_RETURN_TYPE = YES_ERROR;
				GCC_WARN_UNDECLARED_SELECTOR = YES;
				GCC_WARN_UNINITIALIZED_AUTOS = YES_AGGRESSIVE;
				GCC_WARN_UNUSED_FUNCTION = YES;
				GCC_WARN_UNUSED_VARIABLE = YES;
				IPHONEOS_DEPLOYMENT_TARGET = 16.0;
				LOCALIZATION_PREFERS_STRING_CATALOGS = YES;
				MTL_ENABLE_DEBUG_INFO = INCLUDE_SOURCE;
				MTL_FAST_MATH = YES;
				ONLY_ACTIVE_ARCH = YES;
				SDKROOT = iphoneos;
				SWIFT_ACTIVE_COMPILATION_CONDITIONS = "DEBUG $(inherited)";
				SWIFT_OPTIMIZATION_LEVEL = "-Onone";
			};
			name = Debug;
		};
		CA16466F2B1A1EFC003A2CAF /* Release */ = {
			isa = XCBuildConfiguration;
			buildSettings = {
				ALWAYS_SEARCH_USER_PATHS = NO;
				ASSETCATALOG_COMPILER_GENERATE_SWIFT_ASSET_SYMBOL_EXTENSIONS = YES;
				CLANG_ANALYZER_NONNULL = YES;
				CLANG_ANALYZER_NUMBER_OBJECT_CONVERSION = YES_AGGRESSIVE;
				CLANG_CXX_LANGUAGE_STANDARD = "gnu++20";
				CLANG_ENABLE_MODULES = YES;
				CLANG_ENABLE_OBJC_ARC = YES;
				CLANG_ENABLE_OBJC_WEAK = YES;
				CLANG_WARN_BLOCK_CAPTURE_AUTORELEASING = YES;
				CLANG_WARN_BOOL_CONVERSION = YES;
				CLANG_WARN_COMMA = YES;
				CLANG_WARN_CONSTANT_CONVERSION = YES;
				CLANG_WARN_DEPRECATED_OBJC_IMPLEMENTATIONS = YES;
				CLANG_WARN_DIRECT_OBJC_ISA_USAGE = YES_ERROR;
				CLANG_WARN_DOCUMENTATION_COMMENTS = YES;
				CLANG_WARN_EMPTY_BODY = YES;
				CLANG_WARN_ENUM_CONVERSION = YES;
				CLANG_WARN_INFINITE_RECURSION = YES;
				CLANG_WARN_INT_CONVERSION = YES;
				CLANG_WARN_NON_LITERAL_NULL_CONVERSION = YES;
				CLANG_WARN_OBJC_IMPLICIT_RETAIN_SELF = YES;
				CLANG_WARN_OBJC_LITERAL_CONVERSION = YES;
				CLANG_WARN_OBJC_ROOT_CLASS = YES_ERROR;
				CLANG_WARN_QUOTED_INCLUDE_IN_FRAMEWORK_HEADER = YES;
				CLANG_WARN_RANGE_LOOP_ANALYSIS = YES;
				CLANG_WARN_STRICT_PROTOTYPES = YES;
				CLANG_WARN_SUSPICIOUS_MOVE = YES;
				CLANG_WARN_UNGUARDED_AVAILABILITY = YES_AGGRESSIVE;
				CLANG_WARN_UNREACHABLE_CODE = YES;
				CLANG_WARN__DUPLICATE_METHOD_MATCH = YES;
				COPY_PHASE_STRIP = NO;
				DEBUG_INFORMATION_FORMAT = "dwarf-with-dsym";
				ENABLE_NS_ASSERTIONS = NO;
				ENABLE_STRICT_OBJC_MSGSEND = YES;
				ENABLE_USER_SCRIPT_SANDBOXING = YES;
				GCC_C_LANGUAGE_STANDARD = gnu17;
				GCC_NO_COMMON_BLOCKS = YES;
				GCC_WARN_64_TO_32_BIT_CONVERSION = YES;
				GCC_WARN_ABOUT_RETURN_TYPE = YES_ERROR;
				GCC_WARN_UNDECLARED_SELECTOR = YES;
				GCC_WARN_UNINITIALIZED_AUTOS = YES_AGGRESSIVE;
				GCC_WARN_UNUSED_FUNCTION = YES;
				GCC_WARN_UNUSED_VARIABLE = YES;
				IPHONEOS_DEPLOYMENT_TARGET = 16.0;
				LOCALIZATION_PREFERS_STRING_CATALOGS = YES;
				MTL_ENABLE_DEBUG_INFO = NO;
				MTL_FAST_MATH = YES;
				SDKROOT = iphoneos;
				SWIFT_COMPILATION_MODE = wholemodule;
				VALIDATE_PRODUCT = YES;
			};
			name = Release;
		};
		CA1646712B1A1EFC003A2CAF /* Debug */ = {
			isa = XCBuildConfiguration;
			buildSettings = {
				ASSETCATALOG_COMPILER_APPICON_NAME = AppIcon;
				ASSETCATALOG_COMPILER_GLOBAL_ACCENT_COLOR_NAME = AccentColor;
				CODE_SIGN_STYLE = Automatic;
				CURRENT_PROJECT_VERSION = 1;
				DEVELOPMENT_ASSET_PATHS = "\"swiftui-restart-app-ios16/Preview Content\"";
				DEVELOPMENT_TEAM = 8NBCXA89KF;
				ENABLE_PREVIEWS = YES;
				GENERATE_INFOPLIST_FILE = YES;
				INFOPLIST_FILE = "swiftui-restart-app-ios16/Info.plist";
				INFOPLIST_KEY_UIApplicationSceneManifest_Generation = YES;
				INFOPLIST_KEY_UIApplicationSupportsIndirectInputEvents = YES;
				INFOPLIST_KEY_UISupportedInterfaceOrientations = UIInterfaceOrientationPortrait;
				IPHONEOS_DEPLOYMENT_TARGET = 16.0;
				LD_RUNPATH_SEARCH_PATHS = (
					"$(inherited)",
					"@executable_path/Frameworks",
				);
				MARKETING_VERSION = 1.0;
				PRODUCT_BUNDLE_IDENTIFIER = "svponomarenko.swiftui-restart-app-ios16";
				PRODUCT_NAME = "$(TARGET_NAME)";
				SUPPORTED_PLATFORMS = "iphoneos iphonesimulator";
				SUPPORTS_MACCATALYST = NO;
				SUPPORTS_MAC_DESIGNED_FOR_IPHONE_IPAD = NO;
				SWIFT_EMIT_LOC_STRINGS = YES;
				SWIFT_VERSION = 5.0;
				TARGETED_DEVICE_FAMILY = "1,2";
			};
			name = Debug;
		};
		CA1646722B1A1EFC003A2CAF /* Release */ = {
			isa = XCBuildConfiguration;
			buildSettings = {
				ASSETCATALOG_COMPILER_APPICON_NAME = AppIcon;
				ASSETCATALOG_COMPILER_GLOBAL_ACCENT_COLOR_NAME = AccentColor;
				CODE_SIGN_STYLE = Automatic;
				CURRENT_PROJECT_VERSION = 1;
				DEVELOPMENT_ASSET_PATHS = "\"swiftui-restart-app-ios16/Preview Content\"";
				DEVELOPMENT_TEAM = 8NBCXA89KF;
				ENABLE_PREVIEWS = YES;
				GENERATE_INFOPLIST_FILE = YES;
				INFOPLIST_FILE = "swiftui-restart-app-ios16/Info.plist";
				INFOPLIST_KEY_UIApplicationSceneManifest_Generation = YES;
				INFOPLIST_KEY_UIApplicationSupportsIndirectInputEvents = YES;
				INFOPLIST_KEY_UISupportedInterfaceOrientations = UIInterfaceOrientationPortrait;
				IPHONEOS_DEPLOYMENT_TARGET = 16.0;
				LD_RUNPATH_SEARCH_PATHS = (
					"$(inherited)",
					"@executable_path/Frameworks",
				);
				MARKETING_VERSION = 1.0;
				PRODUCT_BUNDLE_IDENTIFIER = "svponomarenko.swiftui-restart-app-ios16";
				PRODUCT_NAME = "$(TARGET_NAME)";
				SUPPORTED_PLATFORMS = "iphoneos iphonesimulator";
				SUPPORTS_MACCATALYST = NO;
				SUPPORTS_MAC_DESIGNED_FOR_IPHONE_IPAD = NO;
				SWIFT_EMIT_LOC_STRINGS = YES;
				SWIFT_VERSION = 5.0;
				TARGETED_DEVICE_FAMILY = "1,2";
			};
			name = Release;
		};
/* End XCBuildConfiguration section */

/* Begin XCConfigurationList section */
		CA16465D2B1A1EFB003A2CAF /* Build configuration list for PBXProject "swiftui-restart-app-ios16" */ = {
			isa = XCConfigurationList;
			buildConfigurations = (
				CA16466E2B1A1EFC003A2CAF /* Debug */,
				CA16466F2B1A1EFC003A2CAF /* Release */,
			);
			defaultConfigurationIsVisible = 0;
			defaultConfigurationName = Release;
		};
		CA1646702B1A1EFC003A2CAF /* Build configuration list for PBXNativeTarget "swiftui-restart-app-ios16" */ = {
			isa = XCConfigurationList;
			buildConfigurations = (
				CA1646712B1A1EFC003A2CAF /* Debug */,
				CA1646722B1A1EFC003A2CAF /* Release */,
			);
			defaultConfigurationIsVisible = 0;
			defaultConfigurationName = Release;
		};
/* End XCConfigurationList section */
	};
	rootObject = CA16465A2B1A1EFB003A2CAF /* Project object */;
}
